
Microsoft Visual Studio Solution File, Format Version 12.00
# Visual Studio Version 17
VisualStudioVersion = 17.5.2.0
MinimumVisualStudioVersion = 10.0.40219.1
Project("{FAE04EC0-301F-11D3-BF4B-00C04F79EFBC}") = "cicd-project", "cicd-project.csproj", "{BD21F1AF-2428-F719-1E8E-FF57B044211D}"
EndProject
Project("{FAE04EC0-301F-11D3-BF4B-00C04F79EFBC}") = "cicd-project.Tests", "cicd-project.Tests\cicd-project.Tests.csproj", "{76989A80-83EC-4014-9D72-DE38962E1C17}"
EndProject
Global
	GlobalSection(SolutionConfigurationPlatforms) = preSolution
		Debug|Any CPU = Debug|Any CPU
		Debug|x64 = Debug|x64
		Debug|x86 = Debug|x86
		Release|Any CPU = Release|Any CPU
		Release|x64 = Release|x64
		Release|x86 = Release|x86
	EndGlobalSection
	GlobalSection(ProjectConfigurationPlatforms) = postSolution
		{BD21F1AF-2428-F719-1E8E-FF57B044211D}.Debug|Any CPU.ActiveCfg = Debug|Any CPU
		{BD21F1AF-2428-F719-1E8E-FF57B044211D}.Debug|Any CPU.Build.0 = Debug|Any CPU
		{BD21F1AF-2428-F719-1E8E-FF57B044211D}.Debug|x64.ActiveCfg = Debug|Any CPU
		{BD21F1AF-2428-F719-1E8E-FF57B044211D}.Debug|x64.Build.0 = Debug|Any CPU
		{BD21F1AF-2428-F719-1E8E-FF57B044211D}.Debug|x86.ActiveCfg = Debug|Any CPU
		{BD21F1AF-2428-F719-1E8E-FF57B044211D}.Debug|x86.Build.0 = Debug|Any CPU
		{BD21F1AF-2428-F719-1E8E-FF57B044211D}.Release|Any CPU.ActiveCfg = Release|Any CPU
		{BD21F1AF-2428-F719-1E8E-FF57B044211D}.Release|Any CPU.Build.0 = Release|Any CPU
		{BD21F1AF-2428-F719-1E8E-FF57B044211D}.Release|x64.ActiveCfg = Release|Any CPU
		{BD21F1AF-2428-F719-1E8E-FF57B044211D}.Release|x64.Build.0 = Release|Any CPU
		{BD21F1AF-2428-F719-1E8E-FF57B044211D}.Release|x86.ActiveCfg = Release|Any CPU
		{BD21F1AF-2428-F719-1E8E-FF57B044211D}.Release|x86.Build.0 = Release|Any CPU
		{76989A80-83EC-4014-9D72-DE38962E1C17}.Debug|Any CPU.ActiveCfg = Debug|Any CPU
		{76989A80-83EC-4014-9D72-DE38962E1C17}.Debug|Any CPU.Build.0 = Debug|Any CPU
		{76989A80-83EC-4014-9D72-DE38962E1C17}.Debug|x64.ActiveCfg = Debug|Any CPU
		{76989A80-83EC-4014-9D72-DE38962E1C17}.Debug|x64.Build.0 = Debug|Any CPU
		{76989A80-83EC-4014-9D72-DE38962E1C17}.Debug|x86.ActiveCfg = Debug|Any CPU
		{76989A80-83EC-4014-9D72-DE38962E1C17}.Debug|x86.Build.0 = Debug|Any CPU
		{76989A80-83EC-4014-9D72-DE38962E1C17}.Release|Any CPU.ActiveCfg = Release|Any CPU
		{76989A80-83EC-4014-9D72-DE38962E1C17}.Release|Any CPU.Build.0 = Release|Any CPU
		{76989A80-83EC-4014-9D72-DE38962E1C17}.Release|x64.ActiveCfg = Release|Any CPU
		{76989A80-83EC-4014-9D72-DE38962E1C17}.Release|x64.Build.0 = Release|Any CPU
		{76989A80-83EC-4014-9D72-DE38962E1C17}.Release|x86.ActiveCfg = Release|Any CPU
		{76989A80-83EC-4014-9D72-DE38962E1C17}.Release|x86.Build.0 = Release|Any CPU
	EndGlobalSection
	GlobalSection(SolutionProperties) = preSolution
		HideSolutionNode = FALSE
	EndGlobalSection
	GlobalSection(ExtensibilityGlobals) = postSolution
		SolutionGuid = {A7CE2C3F-2CC8-4B05-A1A0-A39E6D123D61}
	EndGlobalSection
EndGlobal
