Microsoft Visual Studio Solution File, Format Version 12.00
# Visual Studio Version 17
VisualStudioVersion = 17.5.2.0
MinimumVisualStudioVersion = 10.0.40219.1
Project("{FAE04EC0-301F-11D3-BF4B-00C04F79EFBC}") = "cicd-project", "cicd-project.csproj", "{BD21F1AF-2428-F719-1E8E-FF57B044211D}"
EndProject
Global
	GlobalSection(SolutionConfigurationPlatforms) = preSolution
		Debug|Any CPU = Debug|Any CPU
		Release|Any CPU = Release|Any CPU
	EndGlobalSection
	GlobalSection(ProjectConfigurationPlatforms) = postSolution
		{BD21F1AF-2428-F719-1E8E-FF57B044211D}.Debug|Any CPU.ActiveCfg = Debug|Any CPU
		{BD21F1AF-2428-F719-1E8E-FF57B044211D}.Debug|Any CPU.Build.0 = Debug|Any CPU
		{BD21F1AF-2428-F719-1E8E-FF57B044211D}.Release|Any CPU.ActiveCfg = Release|Any CPU
		{BD21F1AF-2428-F719-1E8E-FF57B044211D}.Release|Any CPU.Build.0 = Release|Any CPU
	EndGlobalSection
	GlobalSection(SolutionProperties) = preSolution
		HideSolutionNode = FALSE
	EndGlobalSection
	GlobalSection(ExtensibilityGlobals) = postSolution
		SolutionGuid = {A7CE2C3F-2CC8-4B05-A1A0-A39E6D123D61}
	EndGlobalSection
EndGlobal
